
Microsoft Visual Studio Solution File, Format Version 12.00
# Visual Studio 15
VisualStudioVersion = 15.0.34526.175
MinimumVisualStudioVersion = 10.0.40219.1
Project("{8BC9CEB8-8B4A-11D0-8D11-00A0C91BC942}") = "Project10", "Project10\Project10.vcxproj", "{EADB0EAC-93F1-43B9-9358-8FE54B875D0D}"
EndProject
Global
	GlobalSection(SolutionConfigurationPlatforms) = preSolution
		Debug|x64 = Debug|x64
		Debug|x86 = Debug|x86
		Release|x64 = Release|x64
		Release|x86 = Release|x86
	EndGlobalSection
	GlobalSection(ProjectConfigurationPlatforms) = postSolution
		{EADB0EAC-93F1-43B9-9358-8FE54B875D0D}.Debug|x64.ActiveCfg = Debug|x64
		{EADB0EAC-93F1-43B9-9358-8FE54B875D0D}.Debug|x64.Build.0 = Debug|x64
		{EADB0EAC-93F1-43B9-9358-8FE54B875D0D}.Debug|x86.ActiveCfg = Debug|Win32
		{EADB0EAC-93F1-43B9-9358-8FE54B875D0D}.Debug|x86.Build.0 = Debug|Win32
		{EADB0EAC-93F1-43B9-9358-8FE54B875D0D}.Release|x64.ActiveCfg = Release|x64
		{EADB0EAC-93F1-43B9-9358-8FE54B875D0D}.Release|x64.Build.0 = Release|x64
		{EADB0EAC-93F1-43B9-9358-8FE54B875D0D}.Release|x86.ActiveCfg = Release|Win32
		{EADB0EAC-93F1-43B9-9358-8FE54B875D0D}.Release|x86.Build.0 = Release|Win32
	EndGlobalSection
	GlobalSection(SolutionProperties) = preSolution
		HideSolutionNode = FALSE
	EndGlobalSection
	GlobalSection(ExtensibilityGlobals) = postSolution
		SolutionGuid = {3F8C28CD-9FF2-405F-AA85-9338F9766236}
	EndGlobalSection
EndGlobal
